
Microsoft Visual Studio Solution File, Format Version 12.00
# Visual Studio 15
Project("{FAE04EC0-301F-11D3-BF4B-00C04F79EFBC}") = "Assembly-CSharp", "Assembly-CSharp.csproj", "{72C1B684-C20C-5183-FBF5-8FC7E25F9737}"
EndProject
Project("{FAE04EC0-301F-11D3-BF4B-00C04F79EFBC}") = "Assembly-CSharp-Editor", "Assembly-CSharp-Editor.csproj", "{6A18C4FF-1ADA-E51B-A08D-B81605CB6C75}"
EndProject
Project("{FAE04EC0-301F-11D3-BF4B-00C04F79EFBC}") = "Assembly-CSharp-firstpass", "Assembly-CSharp-firstpass.csproj", "{6F89D7D0-23A6-FA7C-556D-78086F388CEF}"
EndProject
Project("{FAE04EC0-301F-11D3-BF4B-00C04F79EFBC}") = "Bootstrap", "Bootstrap.csproj", "{E645BE7E-14F4-1113-D2A2-875185AE3213}"
EndProject
Global
	GlobalSection(SolutionConfigurationPlatforms) = preSolution
		Debug|Any CPU = Debug|Any CPU
		Release|Any CPU = Release|Any CPU
	EndGlobalSection
	GlobalSection(ProjectConfigurationPlatforms) = postSolution
		{72C1B684-C20C-5183-FBF5-8FC7E25F9737}.Debug|Any CPU.ActiveCfg = Debug|Any CPU
		{72C1B684-C20C-5183-FBF5-8FC7E25F9737}.Debug|Any CPU.Build.0 = Debug|Any CPU
		{72C1B684-C20C-5183-FBF5-8FC7E25F9737}.Release|Any CPU.ActiveCfg = Release|Any CPU
		{72C1B684-C20C-5183-FBF5-8FC7E25F9737}.Release|Any CPU.Build.0 = Release|Any CPU
		{6A18C4FF-1ADA-E51B-A08D-B81605CB6C75}.Debug|Any CPU.ActiveCfg = Debug|Any CPU
		{6A18C4FF-1ADA-E51B-A08D-B81605CB6C75}.Debug|Any CPU.Build.0 = Debug|Any CPU
		{6A18C4FF-1ADA-E51B-A08D-B81605CB6C75}.Release|Any CPU.ActiveCfg = Release|Any CPU
		{6A18C4FF-1ADA-E51B-A08D-B81605CB6C75}.Release|Any CPU.Build.0 = Release|Any CPU
		{6F89D7D0-23A6-FA7C-556D-78086F388CEF}.Debug|Any CPU.ActiveCfg = Debug|Any CPU
		{6F89D7D0-23A6-FA7C-556D-78086F388CEF}.Debug|Any CPU.Build.0 = Debug|Any CPU
		{6F89D7D0-23A6-FA7C-556D-78086F388CEF}.Release|Any CPU.ActiveCfg = Release|Any CPU
		{6F89D7D0-23A6-FA7C-556D-78086F388CEF}.Release|Any CPU.Build.0 = Release|Any CPU
		{E645BE7E-14F4-1113-D2A2-875185AE3213}.Debug|Any CPU.ActiveCfg = Debug|Any CPU
		{E645BE7E-14F4-1113-D2A2-875185AE3213}.Debug|Any CPU.Build.0 = Debug|Any CPU
		{E645BE7E-14F4-1113-D2A2-875185AE3213}.Release|Any CPU.ActiveCfg = Release|Any CPU
		{E645BE7E-14F4-1113-D2A2-875185AE3213}.Release|Any CPU.Build.0 = Release|Any CPU
	EndGlobalSection
	GlobalSection(SolutionProperties) = preSolution
		HideSolutionNode = FALSE
	EndGlobalSection
EndGlobal
